<Solution>
  <Folder Name="/Task0/">
    <Project Path="Tyuiu.RogovichID.Sprint0.Task0.V0/Tyuiu.RogovichID.Sprint0.Task0.V0.csproj" Id="e768f468-b955-4ed1-8d14-ec4e9278ecb8" />
  </Folder>
  <Folder Name="/Task1/">
    <Project Path="Tyuiu.RogovichID.Sprint0.Task1.V0/Tyuiu.RogovichID.Sprint0.Task1.V0.csproj" Id="f061850f-0ddc-4bdc-a492-3edc3bd5cd26" />
  </Folder>
  <Folder Name="/Task2/">
    <Project Path="Tyuiu.RogovichID.Sprint0.Task2.V0.Lib/Tyuiu.RogovichID.Sprint0.Task2.V0.Lib.csproj" Id="ee79fce9-093f-4f17-b2cb-49be983a5f29" />
    <Project Path="Tyuiu.RogovichID.Sprint0.Task2.V0.Test/Tyuiu.RogovichID.Sprint0.Task2.V0.Test.csproj" Id="b61fb9f8-a5b0-4fc6-82c3-7da872423a38" />
    <Project Path="Tyuiu.RogovichID.Sprint0.Task2.V0/Tyuiu.RogovichID.Sprint0.Task2.V0.csproj" Id="437d0471-5374-4a41-a245-394437d1caa8" />
  </Folder>
  <Folder Name="/Task3/">
    <Project Path="Tyuiu.RogovichID.Sprint0.Task3.V0.Lib/Tyuiu.RogovichID.Sprint0.Task3.V0.Lib.csproj" Id="71fd0b92-6a8b-4f55-bde2-6e877d404ad2" />
    <Project Path="Tyuiu.RogovichID.Sprint0.Task3.V0.Test/Tyuiu.RogovichID.Sprint0.Task3.V0.Test.csproj" Id="b0e655e1-5ec1-499f-82c9-323f8cf642b4" />
    <Project Path="Tyuiu.RogovichID.Sprint0.Task3.V0/Tyuiu.RogovichID.Sprint0.Task3.V0.csproj" Id="b96ed971-d0c3-4fc4-b1d7-3b2e7d3e972f" />
  </Folder>
  <Folder Name="/Task4/">
    <Project Path="Tyuiu.RogovichID.Sprint0.Task4.V0.Lib/Tyuiu.RogovichID.Sprint0.Task4.V0.Lib.csproj" Id="a75c5c32-9f4f-41b5-a802-ef5f84e4eb67" />
    <Project Path="Tyuiu.RogovichID.Sprint0.Task4.V0.Test/Tyuiu.RogovichID.Sprint0.Task4.V0.Test.csproj" Id="804164f9-a8b7-436e-9f9b-ffe3b81f917b" />
    <Project Path="Tyuiu.RogovichID.Sprint0.Task4.V0/Tyuiu.RogovichID.Sprint0.Task4.V0.csproj" Id="85eb4ee8-4492-4d95-9a87-2399ccc73224" />
  </Folder>
  <Folder Name="/Task5/">
    <Project Path="Tyuiu.RogovichID.Sprint0.Task5.V0.Lib/Tyuiu.RogovichID.Sprint0.Task5.V0.Lib.csproj" Id="78f0f7a0-1972-4aa0-8679-9bf496759183" />
    <Project Path="Tyuiu.RogovichID.Sprint0.Task5.V0.Test/Tyuiu.RogovichID.Sprint0.Task5.V0.Test.csproj" Id="47f4e8b9-23a4-46a1-ad14-40c985828d0e" />
    <Project Path="Tyuiu.RogovichID.Sprint0.Task5.V0/Tyuiu.RogovichID.Sprint0.Task5.V0.csproj" Id="9dcb71a2-6e04-4d8b-accf-854f4339a13c" />
  </Folder>
  <Folder Name="/Task6/">
    <Project Path="Tyuiu.RogovichID.Sprint0.Task6.V0.Lib/Tyuiu.RogovichID.Sprint0.Task6.V0.Lib.csproj" Id="79a15c5e-5194-49bd-9871-7cfc8731a768" />
    <Project Path="Tyuiu.RogovichID.Sprint0.Task6.V0.Test/Tyuiu.RogovichID.Sprint0.Task6.V0.Test.csproj" Id="abcccbdf-6cad-4e6f-947c-debf886ac50f" />
    <Project Path="Tyuiu.RogovichID.Sprint0.Task6.V0/Tyuiu.RogovichID.Sprint0.Task6.V0.csproj" Id="c45fd48f-1eaa-485f-bacd-5b42415ed32c" />
  </Folder>
</Solution>
